# THIS IS AN AUTOGENERATED FILE. DO NOT EDIT THIS FILE DIRECTLY.
# yarn lockfile v1


"@babel/parser@^7.23.9":
  version "7.23.9"
  resolved "https://registry.npmjs.org/@babel/parser/-/parser-7.23.9.tgz"
  integrity sha512-9tcKgqKbs3xGJ+NtKF2ndOBBLVwPjl1SHxPQkd36r3Dlirw3xWUeGaTbqr7uGZcTaxkVNwc+03SVP7aCdWrTlA==

"@esbuild/win32-x64@0.19.12":
  version "0.19.12"
  resolved "https://registry.npmjs.org/@esbuild/win32-x64/-/win32-x64-0.19.12.tgz"
  integrity sha512-T1QyPSDCyMXaO3pzBkF96E8xMkiRYbUEZADd29SyPGabqxMViNoii+NcK7eWJAEoU6RZyEm5lVSIjTmcdoB9HA==

"@jridgewell/sourcemap-codec@^1.4.15":
  version "1.4.15"
  resolved "https://registry.npmjs.org/@jridgewell/sourcemap-codec/-/sourcemap-codec-1.4.15.tgz"
  integrity sha512-eF2rxCRulEKXHTRiDrDy6erMYWqNw4LPdQ8UQA4huuxaQsVeRPFl2oM8oDGxMFhJUWZf9McpLtJasDDZb/Bpeg==

"@octokit/auth-token@^4.0.0":
  version "4.0.0"
  resolved "https://registry.npmjs.org/@octokit/auth-token/-/auth-token-4.0.0.tgz"
  integrity sha512-tY/msAuJo6ARbK6SPIxZrPBms3xPbfwBrulZe0Wtr/DIY9lje2HeV1uoebShn6mx7SjCHif6EjMvoREj+gZ+SA==

"@octokit/core@^5.0.0", "@octokit/core@>=5":
  version "5.1.0"
  resolved "https://registry.npmjs.org/@octokit/core/-/core-5.1.0.tgz"
  integrity sha512-BDa2VAMLSh3otEiaMJ/3Y36GU4qf6GI+VivQ/P41NC6GHcdxpKlqV0ikSZ5gdQsmS3ojXeRx5vasgNTinF0Q4g==
  dependencies:
    "@octokit/auth-token" "^4.0.0"
    "@octokit/graphql" "^7.0.0"
    "@octokit/request" "^8.0.2"
    "@octokit/request-error" "^5.0.0"
    "@octokit/types" "^12.0.0"
    before-after-hook "^2.2.0"
    universal-user-agent "^6.0.0"

"@octokit/endpoint@^9.0.0":
  version "9.0.4"
  resolved "https://registry.npmjs.org/@octokit/endpoint/-/endpoint-9.0.4.tgz"
  integrity sha512-DWPLtr1Kz3tv8L0UvXTDP1fNwM0S+z6EJpRcvH66orY6Eld4XBMCSYsaWp4xIm61jTWxK68BrR7ibO+vSDnZqw==
  dependencies:
    "@octokit/types" "^12.0.0"
    universal-user-agent "^6.0.0"

"@octokit/graphql@^7.0.0":
  version "7.0.2"
  resolved "https://registry.npmjs.org/@octokit/graphql/-/graphql-7.0.2.tgz"
  integrity sha512-OJ2iGMtj5Tg3s6RaXH22cJcxXRi7Y3EBqbHTBRq+PQAqfaS8f/236fUrWhfSn8P4jovyzqucxme7/vWSSZBX2Q==
  dependencies:
    "@octokit/request" "^8.0.1"
    "@octokit/types" "^12.0.0"
    universal-user-agent "^6.0.0"

"@octokit/openapi-types@^19.1.0":
  version "19.1.0"
  resolved "https://registry.npmjs.org/@octokit/openapi-types/-/openapi-types-19.1.0.tgz"
  integrity sha512-6G+ywGClliGQwRsjvqVYpklIfa7oRPA0vyhPQG/1Feh+B+wU0vGH1JiJ5T25d3g1JZYBHzR2qefLi9x8Gt+cpw==

"@octokit/plugin-paginate-rest@^9.0.0":
  version "9.1.5"
  resolved "https://registry.npmjs.org/@octokit/plugin-paginate-rest/-/plugin-paginate-rest-9.1.5.tgz"
  integrity sha512-WKTQXxK+bu49qzwv4qKbMMRXej1DU2gq017euWyKVudA6MldaSSQuxtz+vGbhxV4CjxpUxjZu6rM2wfc1FiWVg==
  dependencies:
    "@octokit/types" "^12.4.0"

"@octokit/plugin-request-log@^4.0.0":
  version "4.0.0"
  resolved "https://registry.npmjs.org/@octokit/plugin-request-log/-/plugin-request-log-4.0.0.tgz"
  integrity sha512-2uJI1COtYCq8Z4yNSnM231TgH50bRkheQ9+aH8TnZanB6QilOnx8RMD2qsnamSOXtDj0ilxvevf5fGsBhBBzKA==

"@octokit/plugin-rest-endpoint-methods@^10.0.0":
  version "10.3.0"
  resolved "https://registry.npmjs.org/@octokit/plugin-rest-endpoint-methods/-/plugin-rest-endpoint-methods-10.3.0.tgz"
  integrity sha512-c/fjpoHispRvBZuRoTVt/uALg7pXa9RQbXWJiDMk6NDkGNomuAZG7YuYYpZoxeoXv+kVRjIDTsO0e1z0pei+PQ==
  dependencies:
    "@octokit/types" "^12.4.0"

"@octokit/request-error@^5.0.0":
  version "5.0.1"
  resolved "https://registry.npmjs.org/@octokit/request-error/-/request-error-5.0.1.tgz"
  integrity sha512-X7pnyTMV7MgtGmiXBwmO6M5kIPrntOXdyKZLigNfQWSEQzVxR4a4vo49vJjTWX70mPndj8KhfT4Dx+2Ng3vnBQ==
  dependencies:
    "@octokit/types" "^12.0.0"
    deprecation "^2.0.0"
    once "^1.4.0"

"@octokit/request@^8.0.1", "@octokit/request@^8.0.2":
  version "8.2.0"
  resolved "https://registry.npmjs.org/@octokit/request/-/request-8.2.0.tgz"
  integrity sha512-exPif6x5uwLqv1N1irkLG1zZNJkOtj8bZxuVHd71U5Ftuxf2wGNvAJyNBcPbPC+EBzwYEbBDdSFb8EPcjpYxPQ==
  dependencies:
    "@octokit/endpoint" "^9.0.0"
    "@octokit/request-error" "^5.0.0"
    "@octokit/types" "^12.0.0"
    universal-user-agent "^6.0.0"

"@octokit/rest@^20.0.2":
  version "20.0.2"
  resolved "https://registry.npmjs.org/@octokit/rest/-/rest-20.0.2.tgz"
  integrity sha512-Ux8NDgEraQ/DMAU1PlAohyfBBXDwhnX2j33Z1nJNziqAfHi70PuxkFYIcIt8aIAxtRE7KVuKp8lSR8pA0J5iOQ==
  dependencies:
    "@octokit/core" "^5.0.0"
    "@octokit/plugin-paginate-rest" "^9.0.0"
    "@octokit/plugin-request-log" "^4.0.0"
    "@octokit/plugin-rest-endpoint-methods" "^10.0.0"

"@octokit/types@^12.0.0", "@octokit/types@^12.4.0":
  version "12.5.0"
  resolved "https://registry.npmjs.org/@octokit/types/-/types-12.5.0.tgz"
  integrity sha512-YJEKcb0KkJlIUNU/zjnZwHEP8AoVh/OoIcP/1IyR4UHxExz7fzpe/a8IG4wBtQi7QDEqiomVLX88S6FpxxAJtg==
  dependencies:
    "@octokit/openapi-types" "^19.1.0"

"@rollup/rollup-win32-x64-msvc@4.11.0":
  version "4.11.0"
  resolved "https://registry.npmjs.org/@rollup/rollup-win32-x64-msvc/-/rollup-win32-x64-msvc-4.11.0.tgz"
  integrity sha512-f3I7h9oTg79UitEco9/2bzwdciYkWr8pITs3meSDSlr1TdvQ7IxkQaaYN2YqZXX5uZhiYL+VuYDmHwNzhx+HOg==

"@trysound/sax@0.2.0":
  version "0.2.0"
  resolved "https://registry.npmjs.org/@trysound/sax/-/sax-0.2.0.tgz"
  integrity sha512-L7z9BgrNEcYyUYtF+HaEfiS5ebkh9jXqbszz7pC0hRBPaatV0XjSD3+eHrpqFemQfgwiFF0QPIarnIihIDn7OA==

"@types/estree@1.0.5":
  version "1.0.5"
  resolved "https://registry.npmjs.org/@types/estree/-/estree-1.0.5.tgz"
  integrity sha512-/kYRxGDLWzHOB7q+wtSUQlFrtcdUccpfy+X+9iMBpHK8QLLhx2wIPYuS5DYtR9Wa/YlZAbIovy7qVdB1Aq6Lyw==

"@types/telegram-web-app@^7.0.0":
  version "7.0.0"
  resolved "https://registry.npmjs.org/@types/telegram-web-app/-/telegram-web-app-7.0.0.tgz"
  integrity sha512-BgR/Q8id0c8/lq/4XUMJ2Jw6czioKbLbNqURr62wysch5yJcITHZQWKrr6KyPDrO+2cCTWwCJopSp3FY37N/6w==

"@vitejs/plugin-vue@^5.0.3":
  version "5.0.4"
  resolved "https://registry.npmjs.org/@vitejs/plugin-vue/-/plugin-vue-5.0.4.tgz"
  integrity sha512-WS3hevEszI6CEVEx28F8RjTX97k3KsrcY6kvTg7+Whm5y3oYvcqzVeGCU3hxSAn4uY2CLCkeokkGKpoctccilQ==

"@volar/language-core@~1.11.1", "@volar/language-core@1.11.1":
  version "1.11.1"
  resolved "https://registry.npmjs.org/@volar/language-core/-/language-core-1.11.1.tgz"
  integrity sha512-dOcNn3i9GgZAcJt43wuaEykSluAuOkQgzni1cuxLxTV0nJKanQztp7FxyswdRILaKH+P2XZMPRp2S4MV/pElCw==
  dependencies:
    "@volar/source-map" "1.11.1"

"@volar/source-map@~1.11.1", "@volar/source-map@1.11.1":
  version "1.11.1"
  resolved "https://registry.npmjs.org/@volar/source-map/-/source-map-1.11.1.tgz"
  integrity sha512-hJnOnwZ4+WT5iupLRnuzbULZ42L7BWWPMmruzwtLhJfpDVoZLjNBxHDi2sY2bgZXCKlpU5XcsMFoYrsQmPhfZg==
  dependencies:
    muggle-string "^0.3.1"

"@volar/typescript@~1.11.1":
  version "1.11.1"
  resolved "https://registry.npmjs.org/@volar/typescript/-/typescript-1.11.1.tgz"
  integrity sha512-iU+t2mas/4lYierSnoFOeRFQUhAEMgsFuQxoxvwn5EdQopw43j+J27a4lt9LMInx1gLJBC6qL14WYGlgymaSMQ==
  dependencies:
    "@volar/language-core" "1.11.1"
    path-browserify "^1.0.1"

"@vue/compiler-core@3.4.19":
  version "3.4.19"
  resolved "https://registry.npmjs.org/@vue/compiler-core/-/compiler-core-3.4.19.tgz"
  integrity sha512-gj81785z0JNzRcU0Mq98E56e4ltO1yf8k5PQ+tV/7YHnbZkrM0fyFyuttnN8ngJZjbpofWE/m4qjKBiLl8Ju4w==
  dependencies:
    "@babel/parser" "^7.23.9"
    "@vue/shared" "3.4.19"
    entities "^4.5.0"
    estree-walker "^2.0.2"
    source-map-js "^1.0.2"

"@vue/compiler-dom@^3.3.0", "@vue/compiler-dom@3.4.19":
  version "3.4.19"
  resolved "https://registry.npmjs.org/@vue/compiler-dom/-/compiler-dom-3.4.19.tgz"
  integrity sha512-vm6+cogWrshjqEHTzIDCp72DKtea8Ry/QVpQRYoyTIg9k7QZDX6D8+HGURjtmatfgM8xgCFtJJaOlCaRYRK3QA==
  dependencies:
    "@vue/compiler-core" "3.4.19"
    "@vue/shared" "3.4.19"

"@vue/compiler-sfc@3.4.19":
  version "3.4.19"
  resolved "https://registry.npmjs.org/@vue/compiler-sfc/-/compiler-sfc-3.4.19.tgz"
  integrity sha512-LQ3U4SN0DlvV0xhr1lUsgLCYlwQfUfetyPxkKYu7dkfvx7g3ojrGAkw0AERLOKYXuAGnqFsEuytkdcComei3Yg==
  dependencies:
    "@babel/parser" "^7.23.9"
    "@vue/compiler-core" "3.4.19"
    "@vue/compiler-dom" "3.4.19"
    "@vue/compiler-ssr" "3.4.19"
    "@vue/shared" "3.4.19"
    estree-walker "^2.0.2"
    magic-string "^0.30.6"
    postcss "^8.4.33"
    source-map-js "^1.0.2"

"@vue/compiler-ssr@3.4.19":
  version "3.4.19"
  resolved "https://registry.npmjs.org/@vue/compiler-ssr/-/compiler-ssr-3.4.19.tgz"
  integrity sha512-P0PLKC4+u4OMJ8sinba/5Z/iDT84uMRRlrWzadgLA69opCpI1gG4N55qDSC+dedwq2fJtzmGald05LWR5TFfLw==
  dependencies:
    "@vue/compiler-dom" "3.4.19"
    "@vue/shared" "3.4.19"

"@vue/devtools-api@^6.0.0":
  version "6.6.1"
  resolved "https://registry.npmjs.org/@vue/devtools-api/-/devtools-api-6.6.1.tgz"
  integrity sha512-LgPscpE3Vs0x96PzSSB4IGVSZXZBZHpfxs+ZA1d+VEPwHdOXowy/Y2CsvCAIFrf+ssVU1pD1jidj505EpUnfbA==

"@vue/language-core@1.8.27":
  version "1.8.27"
  resolved "https://registry.npmjs.org/@vue/language-core/-/language-core-1.8.27.tgz"
  integrity sha512-L8Kc27VdQserNaCUNiSFdDl9LWT24ly8Hpwf1ECy3aFb9m6bDhBGQYOujDm21N7EW3moKIOKEanQwe1q5BK+mA==
  dependencies:
    "@volar/language-core" "~1.11.1"
    "@volar/source-map" "~1.11.1"
    "@vue/compiler-dom" "^3.3.0"
    "@vue/shared" "^3.3.0"
    computeds "^0.0.1"
    minimatch "^9.0.3"
    muggle-string "^0.3.1"
    path-browserify "^1.0.1"
    vue-template-compiler "^2.7.14"

"@vue/reactivity@3.4.19":
  version "3.4.19"
  resolved "https://registry.npmjs.org/@vue/reactivity/-/reactivity-3.4.19.tgz"
  integrity sha512-+VcwrQvLZgEclGZRHx4O2XhyEEcKaBi50WbxdVItEezUf4fqRh838Ix6amWTdX0CNb/b6t3Gkz3eOebfcSt+UA==
  dependencies:
    "@vue/shared" "3.4.19"

"@vue/runtime-core@3.4.19":
  version "3.4.19"
  resolved "https://registry.npmjs.org/@vue/runtime-core/-/runtime-core-3.4.19.tgz"
  integrity sha512-/Z3tFwOrerJB/oyutmJGoYbuoadphDcJAd5jOuJE86THNZji9pYjZroQ2NFsZkTxOq0GJbb+s2kxTYToDiyZzw==
  dependencies:
    "@vue/reactivity" "3.4.19"
    "@vue/shared" "3.4.19"

"@vue/runtime-dom@3.4.19":
  version "3.4.19"
  resolved "https://registry.npmjs.org/@vue/runtime-dom/-/runtime-dom-3.4.19.tgz"
  integrity sha512-IyZzIDqfNCF0OyZOauL+F4yzjMPN2rPd8nhqPP2N1lBn3kYqJpPHHru+83Rkvo2lHz5mW+rEeIMEF9qY3PB94g==
  dependencies:
    "@vue/runtime-core" "3.4.19"
    "@vue/shared" "3.4.19"
    csstype "^3.1.3"

"@vue/server-renderer@3.4.19":
  version "3.4.19"
  resolved "https://registry.npmjs.org/@vue/server-renderer/-/server-renderer-3.4.19.tgz"
  integrity sha512-eAj2p0c429RZyyhtMRnttjcSToch+kTWxFPHlzGMkR28ZbF1PDlTcmGmlDxccBuqNd9iOQ7xPRPAGgPVj+YpQw==
  dependencies:
    "@vue/compiler-ssr" "3.4.19"
    "@vue/shared" "3.4.19"

"@vue/shared@^3.3.0", "@vue/shared@3.4.19":
  version "3.4.19"
  resolved "https://registry.npmjs.org/@vue/shared/-/shared-3.4.19.tgz"
  integrity sha512-/KliRRHMF6LoiThEy+4c1Z4KB/gbPrGjWwJR+crg2otgrf/egKzRaCPvJ51S5oetgsgXLfc4Rm5ZgrKHZrtMSw==

anymatch@~3.1.2:
  version "3.1.3"
  resolved "https://registry.npmjs.org/anymatch/-/anymatch-3.1.3.tgz"
  integrity sha512-KMReFUr0B4t+D+OBkjR3KYqvocp2XaSzO55UcB6mgQMd3KbcE+mWTyvVV7D/zsdEbNnV6acZUutkiHQXvTr1Rw==
  dependencies:
    normalize-path "^3.0.0"
    picomatch "^2.0.4"

asynckit@^0.4.0:
  version "0.4.0"
  resolved "https://registry.npmjs.org/asynckit/-/asynckit-0.4.0.tgz"
  integrity sha512-Oei9OH4tRh0YqU3GxhX79dM/mwVgvbZJaSNaRk+bshkj0S5cfHcgYakreBjrHwatXKbz+IoIdYLxrKim2MjW0Q==

axios@^1.6.5:
  version "1.6.7"
  resolved "https://registry.npmjs.org/axios/-/axios-1.6.7.tgz"
  integrity sha512-/hDJGff6/c7u0hDkvkGxR/oy6CbCs8ziCsC7SqmhjfozqiJGc8Z11wrv9z9lYfY4K8l+H9TpjcMDX0xOZmx+RA==
  dependencies:
    follow-redirects "^1.15.4"
    form-data "^4.0.0"
    proxy-from-env "^1.1.0"

balanced-match@^1.0.0:
  version "1.0.2"
  resolved "https://registry.npmjs.org/balanced-match/-/balanced-match-1.0.2.tgz"
  integrity sha512-3oSeUO0TMV67hN1AmbXsK4yaqU7tjiHlbxRDZOpH0KW9+CeX4bRAaX0Anxt0tx2MrpRpWwQaPwIlISEJhYU5Pw==

before-after-hook@^2.2.0:
  version "2.2.3"
  resolved "https://registry.npmjs.org/before-after-hook/-/before-after-hook-2.2.3.tgz"
  integrity sha512-NzUnlZexiaH/46WDhANlyR2bXRopNg4F/zuSA3OpZnllCUgRaOF2znDioDWrmbNVsuZk6l9pMquQB38cfBZwkQ==

binary-extensions@^2.0.0:
  version "2.2.0"
  resolved "https://registry.npmjs.org/binary-extensions/-/binary-extensions-2.2.0.tgz"
  integrity sha512-jDctJ/IVQbZoJykoeHbhXpOlNBqGNcwXJKJog42E5HDPUwQTSdjCHdihjj0DlnheQ7blbT6dHOafNAiS8ooQKA==

boolbase@^1.0.0:
  version "1.0.0"
  resolved "https://registry.npmjs.org/boolbase/-/boolbase-1.0.0.tgz"
  integrity sha512-JZOSA7Mo9sNGB8+UjSgzdLtokWAky1zbztM3WRLCbZ70/3cTANmQmOdR7y2g+J0e2WXywy1yS468tY+IruqEww==

brace-expansion@^2.0.1:
  version "2.0.1"
  resolved "https://registry.npmjs.org/brace-expansion/-/brace-expansion-2.0.1.tgz"
  integrity sha512-XnAIvQ8eM+kC6aULx6wuQiwVsnzsi9d3WxzV3FpWTGA19F621kwdbsAcFKXgKUHZWsy+mY6iL1sHTxWEFCytDA==
  dependencies:
    balanced-match "^1.0.0"

braces@~3.0.2:
  version "3.0.2"
  resolved "https://registry.npmjs.org/braces/-/braces-3.0.2.tgz"
  integrity sha512-b8um+L1RzM3WDSzvhm6gIz1yfTbBt6YTlcEKAvsmqCZZFw46z626lVj9j1yEPW33H5H+lBQpZMP1k8l+78Ha0A==
  dependencies:
    fill-range "^7.0.1"

"chokidar@>=3.0.0 <4.0.0":
  version "3.6.0"
  resolved "https://registry.npmjs.org/chokidar/-/chokidar-3.6.0.tgz"
  integrity sha512-7VT13fmjotKpGipCW9JEQAusEPE+Ei8nl6/g4FBAmIm0GOOLMua9NDDo/DWp0ZAxCr3cPq5ZpBqmPAQgDda2Pw==
  dependencies:
    anymatch "~3.1.2"
    braces "~3.0.2"
    glob-parent "~5.1.2"
    is-binary-path "~2.1.0"
    is-glob "~4.0.1"
    normalize-path "~3.0.0"
    readdirp "~3.6.0"
  optionalDependencies:
    fsevents "~2.3.2"

combined-stream@^1.0.8:
  version "1.0.8"
  resolved "https://registry.npmjs.org/combined-stream/-/combined-stream-1.0.8.tgz"
  integrity sha512-FQN4MRfuJeHf7cBbBMJFXhKSDq+2kAArBlmRBvcvFE5BB1HZKXtSFASDhdlz9zOYwxh8lDdnvmMOe/+5cdoEdg==
  dependencies:
    delayed-stream "~1.0.0"

commander@^7.2.0:
  version "7.2.0"
  resolved "https://registry.npmjs.org/commander/-/commander-7.2.0.tgz"
  integrity sha512-QrWXB+ZQSVPmIWIhtEO9H+gwHaMGYiF5ChvoJ+K9ZGHG/sVsa6yiesAD1GC/x46sET00Xlwo1u49RVVVzvcSkw==

computeds@^0.0.1:
  version "0.0.1"
  resolved "https://registry.npmjs.org/computeds/-/computeds-0.0.1.tgz"
  integrity sha512-7CEBgcMjVmitjYo5q8JTJVra6X5mQ20uTThdK+0kR7UEaDrAWEQcRiBtWJzga4eRpP6afNwwLsX2SET2JhVB1Q==

css-select@^5.1.0:
  version "5.1.0"
  resolved "https://registry.npmjs.org/css-select/-/css-select-5.1.0.tgz"
  integrity sha512-nwoRF1rvRRnnCqqY7updORDsuqKzqYJ28+oSMaJMMgOauh3fvwHqMS7EZpIPqK8GL+g9mKxF1vP/ZjSeNjEVHg==
  dependencies:
    boolbase "^1.0.0"
    css-what "^6.1.0"
    domhandler "^5.0.2"
    domutils "^3.0.1"
    nth-check "^2.0.1"

css-tree@^2.3.1:
  version "2.3.1"
  resolved "https://registry.npmjs.org/css-tree/-/css-tree-2.3.1.tgz"
  integrity sha512-6Fv1DV/TYw//QF5IzQdqsNDjx/wc8TrMBZsqjL9eW01tWb7R7k/mq+/VXfJCl7SoD5emsJop9cOByJZfs8hYIw==
  dependencies:
    mdn-data "2.0.30"
    source-map-js "^1.0.1"

css-tree@~2.2.0:
  version "2.2.1"
  resolved "https://registry.npmjs.org/css-tree/-/css-tree-2.2.1.tgz"
  integrity sha512-OA0mILzGc1kCOCSJerOeqDxDQ4HOh+G8NbOJFOTgOCzpw7fCBubk0fEyxp8AgOL/jvLgYA/uV0cMbe43ElF1JA==
  dependencies:
    mdn-data "2.0.28"
    source-map-js "^1.0.1"

css-what@^6.1.0:
  version "6.1.0"
  resolved "https://registry.npmjs.org/css-what/-/css-what-6.1.0.tgz"
  integrity sha512-HTUrgRJ7r4dsZKU6GjmpfRK1O76h97Z8MfS1G0FozR+oF2kG6Vfe8JE6zwrkbxigziPHinCJ+gCPjA9EaBDtRw==

csso@^5.0.5:
  version "5.0.5"
  resolved "https://registry.npmjs.org/csso/-/csso-5.0.5.tgz"
  integrity sha512-0LrrStPOdJj+SPCCrGhzryycLjwcgUSHBtxNA8aIDxf0GLsRh1cKYhB00Gd1lDOS4yGH69+SNn13+TWbVHETFQ==
  dependencies:
    css-tree "~2.2.0"

csstype@^3.1.3:
  version "3.1.3"
  resolved "https://registry.npmjs.org/csstype/-/csstype-3.1.3.tgz"
  integrity sha512-M1uQkMl8rQK/szD0LNhtqxIPLpimGm8sOBwU7lLnCpSbTyY3yeU1Vc7l4KT5zT4s/yOxHH5O7tIuuLOCnLADRw==

de-indent@^1.0.2:
  version "1.0.2"
  resolved "https://registry.npmjs.org/de-indent/-/de-indent-1.0.2.tgz"
  integrity sha512-e/1zu3xH5MQryN2zdVaF0OrdNLUbvWxzMbi+iNA6Bky7l1RoP8a2fIbRocyHclXt/arDrrR6lL3TqFD9pMQTsg==

debug@^4.3.4:
  version "4.3.4"
  resolved "https://registry.npmjs.org/debug/-/debug-4.3.4.tgz"
  integrity sha512-PRWFHuSU3eDtQJPvnNY7Jcket1j0t5OuOsFzPPzsekD52Zl8qUfFIPEiswXqIvHWGVHOgX+7G/vCNNhehwxfkQ==
  dependencies:
    ms "2.1.2"

delayed-stream@~1.0.0:
  version "1.0.0"
  resolved "https://registry.npmjs.org/delayed-stream/-/delayed-stream-1.0.0.tgz"
  integrity sha512-ZySD7Nf91aLB0RxL4KGrKHBXl7Eds1DAmEdcoVawXnLD7SDhpNgtuII2aAkg7a7QS41jxPSZ17p4VdGnMHk3MQ==

deprecation@^2.0.0:
  version "2.3.1"
  resolved "https://registry.npmjs.org/deprecation/-/deprecation-2.3.1.tgz"
  integrity sha512-xmHIy4F3scKVwMsQ4WnVaS8bHOx0DmVwRywosKhaILI0ywMDWPtBSku2HNxRvF7jtwDRsoEwYQSfbxj8b7RlJQ==

dom-serializer@^2.0.0:
  version "2.0.0"
  resolved "https://registry.npmjs.org/dom-serializer/-/dom-serializer-2.0.0.tgz"
  integrity sha512-wIkAryiqt/nV5EQKqQpo3SToSOV9J0DnbJqwK7Wv/Trc92zIAYZ4FlMu+JPFW1DfGFt81ZTCGgDEabffXeLyJg==
  dependencies:
    domelementtype "^2.3.0"
    domhandler "^5.0.2"
    entities "^4.2.0"

domelementtype@^2.3.0:
  version "2.3.0"
  resolved "https://registry.npmjs.org/domelementtype/-/domelementtype-2.3.0.tgz"
  integrity sha512-OLETBj6w0OsagBwdXnPdN0cnMfF9opN69co+7ZrbfPGrdpPVNBUj02spi6B1N7wChLQiPn4CSH/zJvXw56gmHw==

domhandler@^5.0.2, domhandler@^5.0.3:
  version "5.0.3"
  resolved "https://registry.npmjs.org/domhandler/-/domhandler-5.0.3.tgz"
  integrity sha512-cgwlv/1iFQiFnU96XXgROh8xTeetsnJiDsTc7TYCLFd9+/WNkIqPTxiM/8pSd8VIrhXGTf1Ny1q1hquVqDJB5w==
  dependencies:
    domelementtype "^2.3.0"

domutils@^3.0.1:
  version "3.1.0"
  resolved "https://registry.npmjs.org/domutils/-/domutils-3.1.0.tgz"
  integrity sha512-H78uMmQtI2AhgDJjWeQmHwJJ2bLPD3GMmO7Zja/ZZh84wkm+4ut+IUnUdRa8uCGX88DiVx1j6FRe1XfxEgjEZA==
  dependencies:
    dom-serializer "^2.0.0"
    domelementtype "^2.3.0"
    domhandler "^5.0.3"

entities@^4.2.0, entities@^4.5.0:
  version "4.5.0"
  resolved "https://registry.npmjs.org/entities/-/entities-4.5.0.tgz"
  integrity sha512-V0hjH4dGPh9Ao5p0MoRY6BVqtwCjhz6vI5LT8AJ55H+4g9/4vbHx1I54fS0XuclLhDHArPQCiMjDxjaL8fPxhw==

esbuild@^0.19.3:
  version "0.19.12"
  resolved "https://registry.npmjs.org/esbuild/-/esbuild-0.19.12.tgz"
  integrity sha512-aARqgq8roFBj054KvQr5f1sFu0D65G+miZRCuJyJ0G13Zwx7vRar5Zhn2tkQNzIXcBrNVsv/8stehpj+GAjgbg==
  optionalDependencies:
    "@esbuild/aix-ppc64" "0.19.12"
    "@esbuild/android-arm" "0.19.12"
    "@esbuild/android-arm64" "0.19.12"
    "@esbuild/android-x64" "0.19.12"
    "@esbuild/darwin-arm64" "0.19.12"
    "@esbuild/darwin-x64" "0.19.12"
    "@esbuild/freebsd-arm64" "0.19.12"
    "@esbuild/freebsd-x64" "0.19.12"
    "@esbuild/linux-arm" "0.19.12"
    "@esbuild/linux-arm64" "0.19.12"
    "@esbuild/linux-ia32" "0.19.12"
    "@esbuild/linux-loong64" "0.19.12"
    "@esbuild/linux-mips64el" "0.19.12"
    "@esbuild/linux-ppc64" "0.19.12"
    "@esbuild/linux-riscv64" "0.19.12"
    "@esbuild/linux-s390x" "0.19.12"
    "@esbuild/linux-x64" "0.19.12"
    "@esbuild/netbsd-x64" "0.19.12"
    "@esbuild/openbsd-x64" "0.19.12"
    "@esbuild/sunos-x64" "0.19.12"
    "@esbuild/win32-arm64" "0.19.12"
    "@esbuild/win32-ia32" "0.19.12"
    "@esbuild/win32-x64" "0.19.12"

estree-walker@^2.0.2:
  version "2.0.2"
  resolved "https://registry.npmjs.org/estree-walker/-/estree-walker-2.0.2.tgz"
  integrity sha512-Rfkk/Mp/DL7JVje3u18FxFujQlTNR2q6QfMSMB7AvCBx91NGj/ba3kCfza0f6dVDbw7YlRf/nDrn7pQrCCyQ/w==

fill-range@^7.0.1:
  version "7.0.1"
  resolved "https://registry.npmjs.org/fill-range/-/fill-range-7.0.1.tgz"
  integrity sha512-qOo9F+dMUmC2Lcb4BbVvnKJxTPjCm+RRpe4gDuGrzkL7mEVl/djYSu2OdQ2Pa302N4oqkSg9ir6jaLWJ2USVpQ==
  dependencies:
    to-regex-range "^5.0.1"

follow-redirects@^1.15.4:
  version "1.15.5"
  resolved "https://registry.npmjs.org/follow-redirects/-/follow-redirects-1.15.5.tgz"
  integrity sha512-vSFWUON1B+yAw1VN4xMfxgn5fTUiaOzAJCKBwIIgT/+7CuGy9+r+5gITvP62j3RmaD5Ph65UaERdOSRGUzZtgw==

form-data@^4.0.0:
  version "4.0.0"
  resolved "https://registry.npmjs.org/form-data/-/form-data-4.0.0.tgz"
  integrity sha512-ETEklSGi5t0QMZuiXoA/Q6vcnxcLQP5vdugSpuAyi6SVGi2clPPp+xgEhuMaHC+zGgn31Kd235W35f7Hykkaww==
  dependencies:
    asynckit "^0.4.0"
    combined-stream "^1.0.8"
    mime-types "^2.1.12"

glob-parent@~5.1.2:
  version "5.1.2"
  resolved "https://registry.npmjs.org/glob-parent/-/glob-parent-5.1.2.tgz"
  integrity sha512-AOIgSQCepiJYwP3ARnGx+5VnTu2HBYdzbGP45eLw1vr3zB3vZLeyed1sC9hnbcOc9/SrMyM5RPQrkGz4aS9Zow==
  dependencies:
    is-glob "^4.0.1"

he@^1.2.0:
  version "1.2.0"
  resolved "https://registry.npmjs.org/he/-/he-1.2.0.tgz"
  integrity sha512-F/1DnUGPopORZi0ni+CvrCgHQ5FyEAHRLSApuYWMmrbSwoN2Mn/7k+Gl38gJnR7yyDZk6WLXwiGod1JOWNDKGw==

immutable@^4.0.0:
  version "4.3.5"
  resolved "https://registry.npmjs.org/immutable/-/immutable-4.3.5.tgz"
  integrity sha512-8eabxkth9gZatlwl5TBuJnCsoTADlL6ftEr7A4qgdaTsPyreilDSnUk57SO+jfKcNtxPa22U5KK6DSeAYhpBJw==

is-binary-path@~2.1.0:
  version "2.1.0"
  resolved "https://registry.npmjs.org/is-binary-path/-/is-binary-path-2.1.0.tgz"
  integrity sha512-ZMERYes6pDydyuGidse7OsHxtbI7WVeUEozgR/g7rd0xUimYNlvZRE/K2MgZTjWy725IfelLeVcEM97mmtRGXw==
  dependencies:
    binary-extensions "^2.0.0"

is-extglob@^2.1.1:
  version "2.1.1"
  resolved "https://registry.npmjs.org/is-extglob/-/is-extglob-2.1.1.tgz"
  integrity sha512-SbKbANkN603Vi4jEZv49LeVJMn4yGwsbzZworEoyEiutsN3nJYdbO36zfhGJ6QEDpOZIFkDtnq5JRxmvl3jsoQ==

is-glob@^4.0.1, is-glob@~4.0.1:
  version "4.0.3"
  resolved "https://registry.npmjs.org/is-glob/-/is-glob-4.0.3.tgz"
  integrity sha512-xelSayHH36ZgE7ZWhli7pW34hNbNl8Ojv5KVmkJD4hBdD3th8Tfk9vYasLM+mXWOZhFkgZfxhLSnrwRr4elSSg==
  dependencies:
    is-extglob "^2.1.1"

is-number@^7.0.0:
  version "7.0.0"
  resolved "https://registry.npmjs.org/is-number/-/is-number-7.0.0.tgz"
  integrity sha512-41Cifkg6e8TylSpdtTpeLVMqvSBEVzTttHvERD741+pnZ8ANv0004MRL43QKPDlK9cGvNp6NZWZUBlbGXYxxng==

lru-cache@^6.0.0:
  version "6.0.0"
  resolved "https://registry.npmjs.org/lru-cache/-/lru-cache-6.0.0.tgz"
  integrity sha512-Jo6dJ04CmSjuznwJSS3pUeWmd/H0ffTlkXXgwZi+eq1UCmqQwCh+eLsYOYCwY991i2Fah4h1BEMCx4qThGbsiA==
  dependencies:
    yallist "^4.0.0"

magic-string@^0.30.6:
  version "0.30.7"
  resolved "https://registry.npmjs.org/magic-string/-/magic-string-0.30.7.tgz"
  integrity sha512-8vBuFF/I/+OSLRmdf2wwFCJCz+nSn0m6DPvGH1fS/KiQoSaR+sETbov0eIk9KhEKy8CYqIkIAnbohxT/4H0kuA==
  dependencies:
    "@jridgewell/sourcemap-codec" "^1.4.15"

mdn-data@2.0.28:
  version "2.0.28"
  resolved "https://registry.npmjs.org/mdn-data/-/mdn-data-2.0.28.tgz"
  integrity sha512-aylIc7Z9y4yzHYAJNuESG3hfhC+0Ibp/MAMiaOZgNv4pmEdFyfZhhhny4MNiAfWdBQ1RQ2mfDWmM1x8SvGyp8g==

mdn-data@2.0.30:
  version "2.0.30"
  resolved "https://registry.npmjs.org/mdn-data/-/mdn-data-2.0.30.tgz"
  integrity sha512-GaqWWShW4kv/G9IEucWScBx9G1/vsFZZJUO+tD26M8J8z3Kw5RDQjaoZe03YAClgeS/SWPOcb4nkFBTEi5DUEA==

mime-db@1.52.0:
  version "1.52.0"
  resolved "https://registry.npmjs.org/mime-db/-/mime-db-1.52.0.tgz"
  integrity sha512-sPU4uV7dYlvtWJxwwxHD0PuihVNiE7TyAbQ5SWxDCB9mUYvOgroQOwYQQOKPJ8CIbE+1ETVlOoK1UC2nU3gYvg==

mime-types@^2.1.12:
  version "2.1.35"
  resolved "https://registry.npmjs.org/mime-types/-/mime-types-2.1.35.tgz"
  integrity sha512-ZDY+bPm5zTTF+YpCrAU9nK0UgICYPT0QtT1NZWFv4s++TNkcgVaT0g6+4R2uI4MjQjzysHB1zxuWL50hzaeXiw==
  dependencies:
    mime-db "1.52.0"

minimatch@^9.0.3:
  version "9.0.3"
  resolved "https://registry.npmjs.org/minimatch/-/minimatch-9.0.3.tgz"
  integrity sha512-RHiac9mvaRw0x3AYRgDC1CxAP7HTcNrrECeA8YYJeWnpo+2Q5CegtZjaotWTWxDG3UeGA1coE05iH1mPjT/2mg==
  dependencies:
    brace-expansion "^2.0.1"

ms@2.1.2:
  version "2.1.2"
  resolved "https://registry.npmjs.org/ms/-/ms-2.1.2.tgz"
  integrity sha512-sGkPx+VjMtmA6MX27oA4FBFELFCZZ4S4XqeGOXCv68tT+jb3vk/RyaKWP0PTKyWtmLSM0b+adUTEvbs1PEaH2w==

muggle-string@^0.3.1:
  version "0.3.1"
  resolved "https://registry.npmjs.org/muggle-string/-/muggle-string-0.3.1.tgz"
  integrity sha512-ckmWDJjphvd/FvZawgygcUeQCxzvohjFO5RxTjj4eq8kw359gFF3E1brjfI+viLMxss5JrHTDRHZvu2/tuy0Qg==

nanoid@^3.3.7:
  version "3.3.7"
  resolved "https://registry.npmjs.org/nanoid/-/nanoid-3.3.7.tgz"
  integrity sha512-eSRppjcPIatRIMC1U6UngP8XFcz8MQWGQdt1MTBQ7NaAmvXDfvNxbvWV3x2y6CdEUciCSsDHDQZbhYaB8QEo2g==

normalize-path@^3.0.0, normalize-path@~3.0.0:
  version "3.0.0"
  resolved "https://registry.npmjs.org/normalize-path/-/normalize-path-3.0.0.tgz"
  integrity sha512-6eZs5Ls3WtCisHWp9S2GUy8dqkpGi4BVSz3GaqiE6ezub0512ESztXUwUB6C6IKbQkY2Pnb/mD4WYojCRwcwLA==

nth-check@^2.0.1:
  version "2.1.1"
  resolved "https://registry.npmjs.org/nth-check/-/nth-check-2.1.1.tgz"
  integrity sha512-lqjrjmaOoAnWfMmBPL+XNnynZh2+swxiX3WUE0s4yEHI6m+AwrK2UZOimIRl3X/4QctVqS8AiZjFqyOGrMXb/w==
  dependencies:
    boolbase "^1.0.0"

once@^1.4.0:
  version "1.4.0"
  resolved "https://registry.npmjs.org/once/-/once-1.4.0.tgz"
  integrity sha512-lNaJgI+2Q5URQBkccEKHTQOPaXdUxnZZElQTZY0MFUAuaEqe1E+Nyvgdz/aIyNi6Z9MzO5dv1H8n58/GELp3+w==
  dependencies:
    wrappy "1"

path-browserify@^1.0.1:
  version "1.0.1"
  resolved "https://registry.npmjs.org/path-browserify/-/path-browserify-1.0.1.tgz"
  integrity sha512-b7uo2UCUOYZcnF/3ID0lulOJi/bafxa1xPe7ZPsammBSpjSWQkjNxlt635YGS2MiR9GjvuXCtz2emr3jbsz98g==

picocolors@^1.0.0:
  version "1.0.0"
  resolved "https://registry.npmjs.org/picocolors/-/picocolors-1.0.0.tgz"
  integrity sha512-1fygroTLlHu66zi26VoTDv8yRgm0Fccecssto+MhsZ0D/DGW2sm8E8AjW7NU5VVTRt5GxbeZ5qBuJr+HyLYkjQ==

picomatch@^2.0.4, picomatch@^2.2.1:
  version "2.3.1"
  resolved "https://registry.npmjs.org/picomatch/-/picomatch-2.3.1.tgz"
  integrity sha512-JU3teHTNjmE2VCGFzuY8EXzCDVwEqB2a8fsIvwaStHhAWJEeVd1o1QD80CU6+ZdEXXSLbSsuLwJjkCBWqRQUVA==

postcss@^8.4.33, postcss@^8.4.35:
  version "8.4.35"
  resolved "https://registry.npmjs.org/postcss/-/postcss-8.4.35.tgz"
  integrity sha512-u5U8qYpBCpN13BsiEB0CbR1Hhh4Gc0zLFuedrHJKMctHCHAGrMdG0PRM/KErzAL3CU6/eckEtmHNB3x6e3c0vA==
  dependencies:
    nanoid "^3.3.7"
    picocolors "^1.0.0"
    source-map-js "^1.0.2"

primevue@^3.48.1:
  version "3.48.1"
  resolved "https://registry.npmjs.org/primevue/-/primevue-3.48.1.tgz"
  integrity sha512-lyJ+E0ZCv2pR9jIpdPLBysU8zB2hOKrN7q78orloWelPx05zSYoMVKAWaqKTHNpunD52xffjaqovt1y6B/9XoQ==

proxy-from-env@^1.1.0:
  version "1.1.0"
  resolved "https://registry.npmjs.org/proxy-from-env/-/proxy-from-env-1.1.0.tgz"
  integrity sha512-D+zkORCbA9f1tdWRK0RaCR3GPv50cMxcrz4X8k5LTSUD1Dkw47mKJEZQNunItRTkWwgtaUSo1RVFRIG9ZXiFYg==

readdirp@~3.6.0:
  version "3.6.0"
  resolved "https://registry.npmjs.org/readdirp/-/readdirp-3.6.0.tgz"
  integrity sha512-hOS089on8RduqdbhvQ5Z37A0ESjsqz6qnRcffsMU3495FuTdqSm+7bhJ29JvIOsBDEEnan5DPu9t3To9VRlMzA==
  dependencies:
    picomatch "^2.2.1"

rollup@^4.2.0:
  version "4.11.0"
  resolved "https://registry.npmjs.org/rollup/-/rollup-4.11.0.tgz"
  integrity sha512-2xIbaXDXjf3u2tajvA5xROpib7eegJ9Y/uPlSFhXLNpK9ampCczXAhLEb5yLzJyG3LAdI1NWtNjDXiLyniNdjQ==
  dependencies:
    "@types/estree" "1.0.5"
  optionalDependencies:
    "@rollup/rollup-android-arm-eabi" "4.11.0"
    "@rollup/rollup-android-arm64" "4.11.0"
    "@rollup/rollup-darwin-arm64" "4.11.0"
    "@rollup/rollup-darwin-x64" "4.11.0"
    "@rollup/rollup-linux-arm-gnueabihf" "4.11.0"
    "@rollup/rollup-linux-arm64-gnu" "4.11.0"
    "@rollup/rollup-linux-arm64-musl" "4.11.0"
    "@rollup/rollup-linux-riscv64-gnu" "4.11.0"
    "@rollup/rollup-linux-x64-gnu" "4.11.0"
    "@rollup/rollup-linux-x64-musl" "4.11.0"
    "@rollup/rollup-win32-arm64-msvc" "4.11.0"
    "@rollup/rollup-win32-ia32-msvc" "4.11.0"
    "@rollup/rollup-win32-x64-msvc" "4.11.0"
    fsevents "~2.3.2"

sass@*, sass@^1.71.0:
  version "1.71.0"
  resolved "https://registry.npmjs.org/sass/-/sass-1.71.0.tgz"
  integrity sha512-HKKIKf49Vkxlrav3F/w6qRuPcmImGVbIXJ2I3Kg0VMA+3Bav+8yE9G5XmP5lMj6nl4OlqbPftGAscNaNu28b8w==
  dependencies:
    chokidar ">=3.0.0 <4.0.0"
    immutable "^4.0.0"
    source-map-js ">=0.6.2 <2.0.0"

semver@^7.5.4:
  version "7.6.0"
  resolved "https://registry.npmjs.org/semver/-/semver-7.6.0.tgz"
  integrity sha512-EnwXhrlwXMk9gKu5/flx5sv/an57AkRplG3hTK68W7FRDN+k+OWBj65M7719OkA82XLBxrcX0KSHj+X5COhOVg==
  dependencies:
    lru-cache "^6.0.0"

source-map-js@^1.0.1, source-map-js@^1.0.2, "source-map-js@>=0.6.2 <2.0.0":
  version "1.0.2"
  resolved "https://registry.npmjs.org/source-map-js/-/source-map-js-1.0.2.tgz"
  integrity sha512-R0XvVJ9WusLiqTCEiGCmICCMplcCkIwwR11mOSD9CR5u+IXYdiseeEuXCVAjS54zqwkLcPNnmU4OeJ6tUrWhDw==

svgo@^3.0.2:
  version "3.2.0"
  resolved "https://registry.npmjs.org/svgo/-/svgo-3.2.0.tgz"
  integrity sha512-4PP6CMW/V7l/GmKRKzsLR8xxjdHTV4IMvhTnpuHwwBazSIlw5W/5SmPjN8Dwyt7lKbSJrRDgp4t9ph0HgChFBQ==
  dependencies:
    "@trysound/sax" "0.2.0"
    commander "^7.2.0"
    css-select "^5.1.0"
    css-tree "^2.3.1"
    css-what "^6.1.0"
    csso "^5.0.5"
    picocolors "^1.0.0"

to-regex-range@^5.0.1:
  version "5.0.1"
  resolved "https://registry.npmjs.org/to-regex-range/-/to-regex-range-5.0.1.tgz"
  integrity sha512-65P7iz6X5yEr1cwcgvQxbbIw7Uk3gOy5dIdtZ4rDveLqhrdJP+Li/Hx6tyK0NEb+2GCyneCMJiGqrADCSNk8sQ==
  dependencies:
    is-number "^7.0.0"

typescript@*, typescript@^5.2.2:
  version "5.3.3"
  resolved "https://registry.npmjs.org/typescript/-/typescript-5.3.3.tgz"
  integrity sha512-pXWcraxM0uxAS+tN0AG/BF2TyqmHO014Z070UsJ+pFvYuRSq8KH8DmWpnbXe0pEPDHXZV3FcAbJkijJ5oNEnWw==

universal-user-agent@^6.0.0:
  version "6.0.1"
  resolved "https://registry.npmjs.org/universal-user-agent/-/universal-user-agent-6.0.1.tgz"
  integrity sha512-yCzhz6FN2wU1NiiQRogkTQszlQSlpWaw8SvVegAc+bDxbzHgh1vX8uIe8OYyMH6DwH+sdTJsgMl36+mSMdRJIQ==

vite-plugin-mkcert@^1.17.3:
  version "1.17.3"
  resolved "https://registry.npmjs.org/vite-plugin-mkcert/-/vite-plugin-mkcert-1.17.3.tgz"
  integrity sha512-C8iLz4Su4kEyJb1GdlGIMfKkYMqfH5qvhqVP1x/hrc+1mo9GOzqU88mevvP5epgoqawkhVpcQVQ+HTFXsRuC0g==
  dependencies:
    "@octokit/rest" "^20.0.2"
    axios "^1.6.5"
    debug "^4.3.4"
    picocolors "^1.0.0"

vite-svg-loader@^5.1.0:
  version "5.1.0"
  resolved "https://registry.npmjs.org/vite-svg-loader/-/vite-svg-loader-5.1.0.tgz"
  integrity sha512-M/wqwtOEjgb956/+m5ZrYT/Iq6Hax0OakWbokj8+9PXOnB7b/4AxESHieEtnNEy7ZpjsjYW1/5nK8fATQMmRxw==
  dependencies:
    svgo "^3.0.2"

vite@^5.0.0, vite@^5.1.0, vite@>=3:
  version "5.1.3"
  resolved "https://registry.npmjs.org/vite/-/vite-5.1.3.tgz"
  integrity sha512-UfmUD36DKkqhi/F75RrxvPpry+9+tTkrXfMNZD+SboZqBCMsxKtO52XeGzzuh7ioz+Eo/SYDBbdb0Z7vgcDJew==
  dependencies:
    esbuild "^0.19.3"
    postcss "^8.4.35"
    rollup "^4.2.0"
  optionalDependencies:
    fsevents "~2.3.3"

vue-inline-svg@^3.1.2:
  version "3.1.2"
  resolved "https://registry.npmjs.org/vue-inline-svg/-/vue-inline-svg-3.1.2.tgz"
  integrity sha512-K01sLANBnjosObee4JrBu/igXpYIFhQfy4EcEyVWxEWf6nmrxp7Isz6pmeRCsWx6XGrGWfrQH3uNwt4nOmrFdA==

vue-router@^4.0.13:
  version "4.0.13"
  resolved "https://registry.npmjs.org/vue-router/-/vue-router-4.0.13.tgz"
  integrity sha512-LmXrC+BkDRLak+d5xTMgUYraT3Nj0H/vCbP+7usGvIl9Viqd1UP6AsP0i69pSbn9O0dXK/xCdp4yPw21HqV9Jw==
  dependencies:
    "@vue/devtools-api" "^6.0.0"

vue-template-compiler@^2.7.14:
  version "2.7.16"
  resolved "https://registry.npmjs.org/vue-template-compiler/-/vue-template-compiler-2.7.16.tgz"
  integrity sha512-AYbUWAJHLGGQM7+cNTELw+KsOG9nl2CnSv467WobS5Cv9uk3wFcnr1Etsz2sEIHEZvw1U+o9mRlEO6QbZvUPGQ==
  dependencies:
    de-indent "^1.0.2"
    he "^1.2.0"

vue-tg@^0.3.0:
  version "0.3.0"
  resolved "https://registry.npmjs.org/vue-tg/-/vue-tg-0.3.0.tgz"
  integrity sha512-DZ5wt9ZY1Ux3yFH+KWeYyVo4Fd3R4UDoq07XWhA6EqpyfxII9zxT7xPKjTjrpDbvjHRzeuukZBBi4EIiQxtDaQ==
  dependencies:
    "@types/telegram-web-app" "^7.0.0"
    vue "^3"

vue-tsc@^1.8.27:
  version "1.8.27"
  resolved "https://registry.npmjs.org/vue-tsc/-/vue-tsc-1.8.27.tgz"
  integrity sha512-WesKCAZCRAbmmhuGl3+VrdWItEvfoFIPXOvUJkjULi+x+6G/Dy69yO3TBRJDr9eUlmsNAwVmxsNZxvHKzbkKdg==
  dependencies:
    "@volar/typescript" "~1.11.1"
    "@vue/language-core" "1.8.27"
    semver "^7.5.4"

vue@^3, vue@^3.0.0, vue@^3.2.0, vue@^3.2.25, vue@^3.4.15, vue@>=3.2.13, vue@3.4.19:
  version "3.4.19"
  resolved "https://registry.npmjs.org/vue/-/vue-3.4.19.tgz"
  integrity sha512-W/7Fc9KUkajFU8dBeDluM4sRGc/aa4YJnOYck8dkjgZoXtVsn3OeTGni66FV1l3+nvPA7VBFYtPioaGKUmEADw==
  dependencies:
    "@vue/compiler-dom" "3.4.19"
    "@vue/compiler-sfc" "3.4.19"
    "@vue/runtime-dom" "3.4.19"
    "@vue/server-renderer" "3.4.19"
    "@vue/shared" "3.4.19"

wrappy@1:
  version "1.0.2"
  resolved "https://registry.npmjs.org/wrappy/-/wrappy-1.0.2.tgz"
  integrity sha512-l4Sp/DRseor9wL6EvV2+TuQn63dMkPjZ/sp9XkghTEbV9KlPS1xUsZ3u7/IQO4wxtcFB4bgpQPRcR3QCvezPcQ==

yallist@^4.0.0:
  version "4.0.0"
  resolved "https://registry.npmjs.org/yallist/-/yallist-4.0.0.tgz"
  integrity sha512-3wdGidZyq5PB084XLES5TpOSRA3wjXAlIWMhum2kRcv/41Sn2emQ0dycQW4uZXLejwKvg6EsvbdlVL+FYEct7A==
